// !$*UTF8*$!
{
	archiveVersion = 1;
	classes = {
	};
	objectVersion = 50;
	objects = {

/* Begin PBXBuildFile section */
		1F6F000022289D390029CC7C /* Profile.storyboard in Resources */ = {isa = PBXBuildFile; fileRef = 1F6FFFFF22289D390029CC7C /* Profile.storyboard */; };
		1F6F000222289D530029CC7C /* Settings.storyboard in Resources */ = {isa = PBXBuildFile; fileRef = 1F6F000122289D530029CC7C /* Settings.storyboard */; };
		1F6F000422289D6E0029CC7C /* Sensor.storyboard in Resources */ = {isa = PBXBuildFile; fileRef = 1F6F000322289D6E0029CC7C /* Sensor.storyboard */; };
		1F6F000622289FD10029CC7C /* Account.storyboard in Resources */ = {isa = PBXBuildFile; fileRef = 1F6F000522289FD10029CC7C /* Account.storyboard */; };
		1F6F00082228A0370029CC7C /* Help.storyboard in Resources */ = {isa = PBXBuildFile; fileRef = 1F6F00072228A0370029CC7C /* Help.storyboard */; };
		1F6F000E2228A2450029CC7C /* APLGraphView.m in Sources */ = {isa = PBXBuildFile; fileRef = 1F6F000A2228A2450029CC7C /* APLGraphView.m */; };
		1F6F000F2228A2450029CC7C /* AccelerometerFilter.m in Sources */ = {isa = PBXBuildFile; fileRef = 1F6F000B2228A2450029CC7C /* AccelerometerFilter.m */; };
		1F6FFFD0222861320029CC7C /* AppDelegate.swift in Sources */ = {isa = PBXBuildFile; fileRef = 1F6FFFCF222861320029CC7C /* AppDelegate.swift */; };
		1F6FFFD2222861320029CC7C /* ViewController.swift in Sources */ = {isa = PBXBuildFile; fileRef = 1F6FFFD1222861320029CC7C /* ViewController.swift */; };
		1F6FFFD5222861320029CC7C /* Main.storyboard in Resources */ = {isa = PBXBuildFile; fileRef = 1F6FFFD3222861320029CC7C /* Main.storyboard */; };
		1F6FFFD7222861330029CC7C /* Assets.xcassets in Resources */ = {isa = PBXBuildFile; fileRef = 1F6FFFD6222861330029CC7C /* Assets.xcassets */; };
		1F6FFFDA222861330029CC7C /* LaunchScreen.storyboard in Resources */ = {isa = PBXBuildFile; fileRef = 1F6FFFD8222861330029CC7C /* LaunchScreen.storyboard */; };
		1F6FFFE5222861330029CC7C /* StrikerTests.swift in Sources */ = {isa = PBXBuildFile; fileRef = 1F6FFFE4222861330029CC7C /* StrikerTests.swift */; };
		1F6FFFF0222861330029CC7C /* StrikerUITests.swift in Sources */ = {isa = PBXBuildFile; fileRef = 1F6FFFEF222861330029CC7C /* StrikerUITests.swift */; };
		1F6FFFFE2228970B0029CC7C /* Login.storyboard in Resources */ = {isa = PBXBuildFile; fileRef = 1F6FFFFD2228970B0029CC7C /* Login.storyboard */; };
/* End PBXBuildFile section */

/* Begin PBXContainerItemProxy section */
		1F6FFFE1222861330029CC7C /* PBXContainerItemProxy */ = {
			isa = PBXContainerItemProxy;
			containerPortal = 1F6FFFC4222861320029CC7C /* Project object */;
			proxyType = 1;
			remoteGlobalIDString = 1F6FFFCB222861320029CC7C;
			remoteInfo = Striker;
		};
		1F6FFFEC222861330029CC7C /* PBXContainerItemProxy */ = {
			isa = PBXContainerItemProxy;
			containerPortal = 1F6FFFC4222861320029CC7C /* Project object */;
			proxyType = 1;
			remoteGlobalIDString = 1F6FFFCB222861320029CC7C;
			remoteInfo = Striker;
		};
/* End PBXContainerItemProxy section */

/* Begin PBXFileReference section */
		1F6F000122289D530029CC7C /* Settings.storyboard */ = {isa = PBXFileReference; lastKnownFileType = file.storyboard; path = Settings.storyboard; sourceTree = "<group>"; };
		1F6F000322289D6E0029CC7C /* Sensor.storyboard */ = {isa = PBXFileReference; lastKnownFileType = file.storyboard; path = Sensor.storyboard; sourceTree = "<group>"; };
		1F6F000522289FD10029CC7C /* Account.storyboard */ = {isa = PBXFileReference; lastKnownFileType = file.storyboard; path = Account.storyboard; sourceTree = "<group>"; };
		1F6F00072228A0370029CC7C /* Help.storyboard */ = {isa = PBXFileReference; lastKnownFileType = file.storyboard; path = Help.storyboard; sourceTree = "<group>"; };
		1F6F000A2228A2450029CC7C /* APLGraphView.m */ = {isa = PBXFileReference; fileEncoding = 4; lastKnownFileType = sourcecode.c.objc; path = APLGraphView.m; sourceTree = "<group>"; };
		1F6F000B2228A2450029CC7C /* AccelerometerFilter.m */ = {isa = PBXFileReference; fileEncoding = 4; lastKnownFileType = sourcecode.c.objc; path = AccelerometerFilter.m; sourceTree = "<group>"; };
		1F6F000C2228A2450029CC7C /* APLGraphView.h */ = {isa = PBXFileReference; fileEncoding = 4; lastKnownFileType = sourcecode.c.h; path = APLGraphView.h; sourceTree = "<group>"; };
		1F6F000D2228A2450029CC7C /* AccelerometerFilter.h */ = {isa = PBXFileReference; fileEncoding = 4; lastKnownFileType = sourcecode.c.h; path = AccelerometerFilter.h; sourceTree = "<group>"; };
		1F6FFFCC222861320029CC7C /* Striker.app */ = {isa = PBXFileReference; explicitFileType = wrapper.application; includeInIndex = 0; path = Striker.app; sourceTree = BUILT_PRODUCTS_DIR; };
		1F6FFFCF222861320029CC7C /* AppDelegate.swift */ = {isa = PBXFileReference; lastKnownFileType = sourcecode.swift; path = AppDelegate.swift; sourceTree = "<group>"; };
		1F6FFFD1222861320029CC7C /* ViewController.swift */ = {isa = PBXFileReference; lastKnownFileType = sourcecode.swift; path = ViewController.swift; sourceTree = "<group>"; };
		1F6FFFD4222861320029CC7C /* Base */ = {isa = PBXFileReference; lastKnownFileType = file.storyboard; name = Base; path = Base.lproj/Main.storyboard; sourceTree = "<group>"; };
		1F6FFFD6222861330029CC7C /* Assets.xcassets */ = {isa = PBXFileReference; lastKnownFileType = folder.assetcatalog; path = Assets.xcassets; sourceTree = "<group>"; };
		1F6FFFD9222861330029CC7C /* Base */ = {isa = PBXFileReference; lastKnownFileType = file.storyboard; name = Base; path = Base.lproj/LaunchScreen.storyboard; sourceTree = "<group>"; };
		1F6FFFDB222861330029CC7C /* Info.plist */ = {isa = PBXFileReference; lastKnownFileType = text.plist.xml; path = Info.plist; sourceTree = "<group>"; };
		1F6FFFE0222861330029CC7C /* StrikerTests.xctest */ = {isa = PBXFileReference; explicitFileType = wrapper.cfbundle; includeInIndex = 0; path = StrikerTests.xctest; sourceTree = BUILT_PRODUCTS_DIR; };
		1F6FFFE4222861330029CC7C /* StrikerTests.swift */ = {isa = PBXFileReference; lastKnownFileType = sourcecode.swift; path = StrikerTests.swift; sourceTree = "<group>"; };
		1F6FFFE6222861330029CC7C /* Info.plist */ = {isa = PBXFileReference; lastKnownFileType = text.plist.xml; path = Info.plist; sourceTree = "<group>"; };
		1F6FFFEB222861330029CC7C /* StrikerUITests.xctest */ = {isa = PBXFileReference; explicitFileType = wrapper.cfbundle; includeInIndex = 0; path = StrikerUITests.xctest; sourceTree = BUILT_PRODUCTS_DIR; };
		1F6FFFEF222861330029CC7C /* StrikerUITests.swift */ = {isa = PBXFileReference; lastKnownFileType = sourcecode.swift; path = StrikerUITests.swift; sourceTree = "<group>"; };
		1F6FFFF1222861330029CC7C /* Info.plist */ = {isa = PBXFileReference; lastKnownFileType = text.plist.xml; path = Info.plist; sourceTree = "<group>"; };
		1F6FFFFD2228970B0029CC7C /* Login.storyboard */ = {isa = PBXFileReference; lastKnownFileType = file.storyboard; path = Login.storyboard; sourceTree = "<group>"; };
		1F6FFFFF22289D390029CC7C /* Profile.storyboard */ = {isa = PBXFileReference; lastKnownFileType = file.storyboard; path = Profile.storyboard; sourceTree = "<group>"; };
/* End PBXFileReference section */

/* Begin PBXFrameworksBuildPhase section */
		1F6FFFC9222861320029CC7C /* Frameworks */ = {
			isa = PBXFrameworksBuildPhase;
			buildActionMask = 2147483647;
			files = (
			);
			runOnlyForDeploymentPostprocessing = 0;
		};
		1F6FFFDD222861330029CC7C /* Frameworks */ = {
			isa = PBXFrameworksBuildPhase;
			buildActionMask = 2147483647;
			files = (
			);
			runOnlyForDeploymentPostprocessing = 0;
		};
		1F6FFFE8222861330029CC7C /* Frameworks */ = {
			isa = PBXFrameworksBuildPhase;
			buildActionMask = 2147483647;
			files = (
			);
			runOnlyForDeploymentPostprocessing = 0;
		};
/* End PBXFrameworksBuildPhase section */

/* Begin PBXGroup section */
		1F6F00092228A2450029CC7C /* Accelerometer */ = {
			isa = PBXGroup;
			children = (
				1F6F000A2228A2450029CC7C /* APLGraphView.m */,
				1F6F000B2228A2450029CC7C /* AccelerometerFilter.m */,
				1F6F000C2228A2450029CC7C /* APLGraphView.h */,
				1F6F000D2228A2450029CC7C /* AccelerometerFilter.h */,
			);
			path = Accelerometer;
			sourceTree = "<group>";
		};
		1F6FFFC3222861320029CC7C = {
			isa = PBXGroup;
			children = (
				1F6F00092228A2450029CC7C /* Accelerometer */,
				1F6FFFCE222861320029CC7C /* Striker */,
				1F6FFFE3222861330029CC7C /* StrikerTests */,
				1F6FFFEE222861330029CC7C /* StrikerUITests */,
				1F6FFFCD222861320029CC7C /* Products */,
			);
			sourceTree = "<group>";
		};
		1F6FFFCD222861320029CC7C /* Products */ = {
			isa = PBXGroup;
			children = (
				1F6FFFCC222861320029CC7C /* Striker.app */,
				1F6FFFE0222861330029CC7C /* StrikerTests.xctest */,
				1F6FFFEB222861330029CC7C /* StrikerUITests.xctest */,
			);
			name = Products;
			sourceTree = "<group>";
		};
		1F6FFFCE222861320029CC7C /* Striker */ = {
			isa = PBXGroup;
			children = (
				1F6FFFCF222861320029CC7C /* AppDelegate.swift */,
				1F6FFFD1222861320029CC7C /* ViewController.swift */,
				1F6FFFD3222861320029CC7C /* Main.storyboard */,
				1F6F00072228A0370029CC7C /* Help.storyboard */,
				1F6F000522289FD10029CC7C /* Account.storyboard */,
				1F6FFFFF22289D390029CC7C /* Profile.storyboard */,
				1F6F000122289D530029CC7C /* Settings.storyboard */,
				1F6F000322289D6E0029CC7C /* Sensor.storyboard */,
				1F6FFFFD2228970B0029CC7C /* Login.storyboard */,
				1F6FFFD6222861330029CC7C /* Assets.xcassets */,
				1F6FFFD8222861330029CC7C /* LaunchScreen.storyboard */,
				1F6FFFDB222861330029CC7C /* Info.plist */,
			);
			path = Striker;
			sourceTree = "<group>";
		};
		1F6FFFE3222861330029CC7C /* StrikerTests */ = {
			isa = PBXGroup;
			children = (
				1F6FFFE4222861330029CC7C /* StrikerTests.swift */,
				1F6FFFE6222861330029CC7C /* Info.plist */,
			);
			path = StrikerTests;
			sourceTree = "<group>";
		};
		1F6FFFEE222861330029CC7C /* StrikerUITests */ = {
			isa = PBXGroup;
			children = (
				1F6FFFEF222861330029CC7C /* StrikerUITests.swift */,
				1F6FFFF1222861330029CC7C /* Info.plist */,
			);
			path = StrikerUITests;
			sourceTree = "<group>";
		};
/* End PBXGroup section */

/* Begin PBXNativeTarget section */
		1F6FFFCB222861320029CC7C /* Striker */ = {
			isa = PBXNativeTarget;
			buildConfigurationList = 1F6FFFF4222861330029CC7C /* Build configuration list for PBXNativeTarget "Striker" */;
			buildPhases = (
				1F6FFFC8222861320029CC7C /* Sources */,
				1F6FFFC9222861320029CC7C /* Frameworks */,
				1F6FFFCA222861320029CC7C /* Resources */,
			);
			buildRules = (
			);
			dependencies = (
			);
			name = Striker;
			productName = Striker;
			productReference = 1F6FFFCC222861320029CC7C /* Striker.app */;
			productType = "com.apple.product-type.application";
		};
		1F6FFFDF222861330029CC7C /* StrikerTests */ = {
			isa = PBXNativeTarget;
			buildConfigurationList = 1F6FFFF7222861330029CC7C /* Build configuration list for PBXNativeTarget "StrikerTests" */;
			buildPhases = (
				1F6FFFDC222861330029CC7C /* Sources */,
				1F6FFFDD222861330029CC7C /* Frameworks */,
				1F6FFFDE222861330029CC7C /* Resources */,
			);
			buildRules = (
			);
			dependencies = (
				1F6FFFE2222861330029CC7C /* PBXTargetDependency */,
			);
			name = StrikerTests;
			productName = StrikerTests;
			productReference = 1F6FFFE0222861330029CC7C /* StrikerTests.xctest */;
			productType = "com.apple.product-type.bundle.unit-test";
		};
		1F6FFFEA222861330029CC7C /* StrikerUITests */ = {
			isa = PBXNativeTarget;
			buildConfigurationList = 1F6FFFFA222861330029CC7C /* Build configuration list for PBXNativeTarget "StrikerUITests" */;
			buildPhases = (
				1F6FFFE7222861330029CC7C /* Sources */,
				1F6FFFE8222861330029CC7C /* Frameworks */,
				1F6FFFE9222861330029CC7C /* Resources */,
			);
			buildRules = (
			);
			dependencies = (
				1F6FFFED222861330029CC7C /* PBXTargetDependency */,
			);
			name = StrikerUITests;
			productName = StrikerUITests;
			productReference = 1F6FFFEB222861330029CC7C /* StrikerUITests.xctest */;
			productType = "com.apple.product-type.bundle.ui-testing";
		};
/* End PBXNativeTarget section */

/* Begin PBXProject section */
		1F6FFFC4222861320029CC7C /* Project object */ = {
			isa = PBXProject;
			attributes = {
				LastSwiftUpdateCheck = 1010;
				LastUpgradeCheck = 1010;
				ORGANIZATIONNAME = "Team 4";
				TargetAttributes = {
					1F6FFFCB222861320029CC7C = {
						CreatedOnToolsVersion = 10.1;
					};
					1F6FFFDF222861330029CC7C = {
						CreatedOnToolsVersion = 10.1;
						TestTargetID = 1F6FFFCB222861320029CC7C;
					};
					1F6FFFEA222861330029CC7C = {
						CreatedOnToolsVersion = 10.1;
						TestTargetID = 1F6FFFCB222861320029CC7C;
					};
				};
			};
			buildConfigurationList = 1F6FFFC7222861320029CC7C /* Build configuration list for PBXProject "Striker" */;
			compatibilityVersion = "Xcode 9.3";
			developmentRegion = en;
			hasScannedForEncodings = 0;
			knownRegions = (
				en,
				Base,
			);
			mainGroup = 1F6FFFC3222861320029CC7C;
			productRefGroup = 1F6FFFCD222861320029CC7C /* Products */;
			projectDirPath = "";
			projectRoot = "";
			targets = (
				1F6FFFCB222861320029CC7C /* Striker */,
				1F6FFFDF222861330029CC7C /* StrikerTests */,
				1F6FFFEA222861330029CC7C /* StrikerUITests */,
			);
		};
/* End PBXProject section */

/* Begin PBXResourcesBuildPhase section */
		1F6FFFCA222861320029CC7C /* Resources */ = {
			isa = PBXResourcesBuildPhase;
			buildActionMask = 2147483647;
			files = (
				1F6FFFFE2228970B0029CC7C /* Login.storyboard in Resources */,
				1F6F00082228A0370029CC7C /* Help.storyboard in Resources */,
				1F6FFFDA222861330029CC7C /* LaunchScreen.storyboard in Resources */,
				1F6F000022289D390029CC7C /* Profile.storyboard in Resources */,
				1F6F000422289D6E0029CC7C /* Sensor.storyboard in Resources */,
				1F6F000222289D530029CC7C /* Settings.storyboard in Resources */,
				1F6FFFD7222861330029CC7C /* Assets.xcassets in Resources */,
				1F6F000622289FD10029CC7C /* Account.storyboard in Resources */,
				1F6FFFD5222861320029CC7C /* Main.storyboard in Resources */,
			);
			runOnlyForDeploymentPostprocessing = 0;
		};
		1F6FFFDE222861330029CC7C /* Resources */ = {
			isa = PBXResourcesBuildPhase;
			buildActionMask = 2147483647;
			files = (
			);
			runOnlyForDeploymentPostprocessing = 0;
		};
		1F6FFFE9222861330029CC7C /* Resources */ = {
			isa = PBXResourcesBuildPhase;
			buildActionMask = 2147483647;
			files = (
			);
			runOnlyForDeploymentPostprocessing = 0;
		};
/* End PBXResourcesBuildPhase section */

/* Begin PBXSourcesBuildPhase section */
		1F6FFFC8222861320029CC7C /* Sources */ = {
			isa = PBXSourcesBuildPhase;
			buildActionMask = 2147483647;
			files = (
				1F6FFFD2222861320029CC7C /* ViewController.swift in Sources */,
				1F6F000F2228A2450029CC7C /* AccelerometerFilter.m in Sources */,
				1F6FFFD0222861320029CC7C /* AppDelegate.swift in Sources */,
				1F6F000E2228A2450029CC7C /* APLGraphView.m in Sources */,
			);
			runOnlyForDeploymentPostprocessing = 0;
		};
		1F6FFFDC222861330029CC7C /* Sources */ = {
			isa = PBXSourcesBuildPhase;
			buildActionMask = 2147483647;
			files = (
				1F6FFFE5222861330029CC7C /* StrikerTests.swift in Sources */,
			);
			runOnlyForDeploymentPostprocessing = 0;
		};
		1F6FFFE7222861330029CC7C /* Sources */ = {
			isa = PBXSourcesBuildPhase;
			buildActionMask = 2147483647;
			files = (
				1F6FFFF0222861330029CC7C /* StrikerUITests.swift in Sources */,
			);
			runOnlyForDeploymentPostprocessing = 0;
		};
/* End PBXSourcesBuildPhase section */

/* Begin PBXTargetDependency section */
		1F6FFFE2222861330029CC7C /* PBXTargetDependency */ = {
			isa = PBXTargetDependency;
			target = 1F6FFFCB222861320029CC7C /* Striker */;
			targetProxy = 1F6FFFE1222861330029CC7C /* PBXContainerItemProxy */;
		};
		1F6FFFED222861330029CC7C /* PBXTargetDependency */ = {
			isa = PBXTargetDependency;
			target = 1F6FFFCB222861320029CC7C /* Striker */;
			targetProxy = 1F6FFFEC222861330029CC7C /* PBXContainerItemProxy */;
		};
/* End PBXTargetDependency section */

/* Begin PBXVariantGroup section */
		1F6FFFD3222861320029CC7C /* Main.storyboard */ = {
			isa = PBXVariantGroup;
			children = (
				1F6FFFD4222861320029CC7C /* Base */,
			);
			name = Main.storyboard;
			sourceTree = "<group>";
		};
		1F6FFFD8222861330029CC7C /* LaunchScreen.storyboard */ = {
			isa = PBXVariantGroup;
			children = (
				1F6FFFD9222861330029CC7C /* Base */,
			);
			name = LaunchScreen.storyboard;
			sourceTree = "<group>";
		};
/* End PBXVariantGroup section */

/* Begin XCBuildConfiguration section */
		1F6FFFF2222861330029CC7C /* Debug */ = {
			isa = XCBuildConfiguration;
			buildSettings = {
				ALWAYS_SEARCH_USER_PATHS = NO;
				CLANG_ANALYZER_NONNULL = YES;
				CLANG_ANALYZER_NUMBER_OBJECT_CONVERSION = YES_AGGRESSIVE;
				CLANG_CXX_LANGUAGE_STANDARD = "gnu++14";
				CLANG_CXX_LIBRARY = "libc++";
				CLANG_ENABLE_MODULES = YES;
				CLANG_ENABLE_OBJC_ARC = YES;
				CLANG_ENABLE_OBJC_WEAK = YES;
				CLANG_WARN_BLOCK_CAPTURE_AUTORELEASING = YES;
				CLANG_WARN_BOOL_CONVERSION = YES;
				CLANG_WARN_COMMA = YES;
				CLANG_WARN_CONSTANT_CONVERSION = YES;
				CLANG_WARN_DEPRECATED_OBJC_IMPLEMENTATIONS = YES;
				CLANG_WARN_DIRECT_OBJC_ISA_USAGE = YES_ERROR;
				CLANG_WARN_DOCUMENTATION_COMMENTS = YES;
				CLANG_WARN_EMPTY_BODY = YES;
				CLANG_WARN_ENUM_CONVERSION = YES;
				CLANG_WARN_INFINITE_RECURSION = YES;
				CLANG_WARN_INT_CONVERSION = YES;
				CLANG_WARN_NON_LITERAL_NULL_CONVERSION = YES;
				CLANG_WARN_OBJC_IMPLICIT_RETAIN_SELF = YES;
				CLANG_WARN_OBJC_LITERAL_CONVERSION = YES;
				CLANG_WARN_OBJC_ROOT_CLASS = YES_ERROR;
				CLANG_WARN_RANGE_LOOP_ANALYSIS = YES;
				CLANG_WARN_STRICT_PROTOTYPES = YES;
				CLANG_WARN_SUSPICIOUS_MOVE = YES;
				CLANG_WARN_UNGUARDED_AVAILABILITY = YES_AGGRESSIVE;
				CLANG_WARN_UNREACHABLE_CODE = YES;
				CLANG_WARN__DUPLICATE_METHOD_MATCH = YES;
				CODE_SIGN_IDENTITY = "iPhone Developer";
				COPY_PHASE_STRIP = NO;
				DEBUG_INFORMATION_FORMAT = dwarf;
				ENABLE_STRICT_OBJC_MSGSEND = YES;
				ENABLE_TESTABILITY = YES;
				GCC_C_LANGUAGE_STANDARD = gnu11;
				GCC_DYNAMIC_NO_PIC = NO;
				GCC_NO_COMMON_BLOCKS = YES;
				GCC_OPTIMIZATION_LEVEL = 0;
				GCC_PREPROCESSOR_DEFINITIONS = (
					"DEBUG=1",
					"$(inherited)",
				);
				GCC_WARN_64_TO_32_BIT_CONVERSION = YES;
				GCC_WARN_ABOUT_RETURN_TYPE = YES_ERROR;
				GCC_WARN_UNDECLARED_SELECTOR = YES;
				GCC_WARN_UNINITIALIZED_AUTOS = YES_AGGRESSIVE;
				GCC_WARN_UNUSED_FUNCTION = YES;
				GCC_WARN_UNUSED_VARIABLE = YES;
				IPHONEOS_DEPLOYMENT_TARGET = 12.1;
				MTL_ENABLE_DEBUG_INFO = INCLUDE_SOURCE;
				MTL_FAST_MATH = YES;
				ONLY_ACTIVE_ARCH = YES;
				SDKROOT = iphoneos;
				SWIFT_ACTIVE_COMPILATION_CONDITIONS = DEBUG;
				SWIFT_OPTIMIZATION_LEVEL = "-Onone";
			};
			name = Debug;
		};
		1F6FFFF3222861330029CC7C /* Release */ = {
			isa = XCBuildConfiguration;
			buildSettings = {
				ALWAYS_SEARCH_USER_PATHS = NO;
				CLANG_ANALYZER_NONNULL = YES;
				CLANG_ANALYZER_NUMBER_OBJECT_CONVERSION = YES_AGGRESSIVE;
				CLANG_CXX_LANGUAGE_STANDARD = "gnu++14";
				CLANG_CXX_LIBRARY = "libc++";
				CLANG_ENABLE_MODULES = YES;
				CLANG_ENABLE_OBJC_ARC = YES;
				CLANG_ENABLE_OBJC_WEAK = YES;
				CLANG_WARN_BLOCK_CAPTURE_AUTORELEASING = YES;
				CLANG_WARN_BOOL_CONVERSION = YES;
				CLANG_WARN_COMMA = YES;
				CLANG_WARN_CONSTANT_CONVERSION = YES;
				CLANG_WARN_DEPRECATED_OBJC_IMPLEMENTATIONS = YES;
				CLANG_WARN_DIRECT_OBJC_ISA_USAGE = YES_ERROR;
				CLANG_WARN_DOCUMENTATION_COMMENTS = YES;
				CLANG_WARN_EMPTY_BODY = YES;
				CLANG_WARN_ENUM_CONVERSION = YES;
				CLANG_WARN_INFINITE_RECURSION = YES;
				CLANG_WARN_INT_CONVERSION = YES;
				CLANG_WARN_NON_LITERAL_NULL_CONVERSION = YES;
				CLANG_WARN_OBJC_IMPLICIT_RETAIN_SELF = YES;
				CLANG_WARN_OBJC_LITERAL_CONVERSION = YES;
				CLANG_WARN_OBJC_ROOT_CLASS = YES_ERROR;
				CLANG_WARN_RANGE_LOOP_ANALYSIS = YES;
				CLANG_WARN_STRICT_PROTOTYPES = YES;
				CLANG_WARN_SUSPICIOUS_MOVE = YES;
				CLANG_WARN_UNGUARDED_AVAILABILITY = YES_AGGRESSIVE;
				CLANG_WARN_UNREACHABLE_CODE = YES;
				CLANG_WARN__DUPLICATE_METHOD_MATCH = YES;
				CODE_SIGN_IDENTITY = "iPhone Developer";
				COPY_PHASE_STRIP = NO;
				DEBUG_INFORMATION_FORMAT = "dwarf-with-dsym";
				ENABLE_NS_ASSERTIONS = NO;
				ENABLE_STRICT_OBJC_MSGSEND = YES;
				GCC_C_LANGUAGE_STANDARD = gnu11;
				GCC_NO_COMMON_BLOCKS = YES;
				GCC_WARN_64_TO_32_BIT_CONVERSION = YES;
				GCC_WARN_ABOUT_RETURN_TYPE = YES_ERROR;
				GCC_WARN_UNDECLARED_SELECTOR = YES;
				GCC_WARN_UNINITIALIZED_AUTOS = YES_AGGRESSIVE;
				GCC_WARN_UNUSED_FUNCTION = YES;
				GCC_WARN_UNUSED_VARIABLE = YES;
				IPHONEOS_DEPLOYMENT_TARGET = 12.1;
				MTL_ENABLE_DEBUG_INFO = NO;
				MTL_FAST_MATH = YES;
				SDKROOT = iphoneos;
				SWIFT_COMPILATION_MODE = wholemodule;
				SWIFT_OPTIMIZATION_LEVEL = "-O";
				VALIDATE_PRODUCT = YES;
			};
			name = Release;
		};
		1F6FFFF5222861330029CC7C /* Debug */ = {
			isa = XCBuildConfiguration;
			buildSettings = {
				ASSETCATALOG_COMPILER_APPICON_NAME = AppIcon;
				CODE_SIGN_STYLE = Automatic;
				DEVELOPMENT_TEAM = SW89KL57ZH;
				INFOPLIST_FILE = Striker/Info.plist;
				LD_RUNPATH_SEARCH_PATHS = (
					"$(inherited)",
					"@executable_path/Frameworks",
				);
				PRODUCT_BUNDLE_IDENTIFIER = "Senior-Design.Striker";
				PRODUCT_NAME = "$(TARGET_NAME)";
				SWIFT_VERSION = 4.2;
				TARGETED_DEVICE_FAMILY = "1,2";
			};
			name = Debug;
		};
		1F6FFFF6222861330029CC7C /* Release */ = {
			isa = XCBuildConfiguration;
			buildSettings = {
				ASSETCATALOG_COMPILER_APPICON_NAME = AppIcon;
				CODE_SIGN_STYLE = Automatic;
				DEVELOPMENT_TEAM = SW89KL57ZH;
				INFOPLIST_FILE = Striker/Info.plist;
				LD_RUNPATH_SEARCH_PATHS = (
					"$(inherited)",
					"@executable_path/Frameworks",
				);
				PRODUCT_BUNDLE_IDENTIFIER = "Senior-Design.Striker";
				PRODUCT_NAME = "$(TARGET_NAME)";
				SWIFT_VERSION = 4.2;
				TARGETED_DEVICE_FAMILY = "1,2";
			};
			name = Release;
		};
		1F6FFFF8222861330029CC7C /* Debug */ = {
			isa = XCBuildConfiguration;
			buildSettings = {
				ALWAYS_EMBED_SWIFT_STANDARD_LIBRARIES = YES;
				BUNDLE_LOADER = "$(TEST_HOST)";
				CODE_SIGN_STYLE = Automatic;
				DEVELOPMENT_TEAM = SW89KL57ZH;
				INFOPLIST_FILE = StrikerTests/Info.plist;
				LD_RUNPATH_SEARCH_PATHS = (
					"$(inherited)",
					"@executable_path/Frameworks",
					"@loader_path/Frameworks",
				);
				PRODUCT_BUNDLE_IDENTIFIER = "Senior-Design.StrikerTests";
				PRODUCT_NAME = "$(TARGET_NAME)";
				SWIFT_VERSION = 4.2;
				TARGETED_DEVICE_FAMILY = "1,2";
				TEST_HOST = "$(BUILT_PRODUCTS_DIR)/Striker.app/Striker";
			};
			name = Debug;
		};
		1F6FFFF9222861330029CC7C /* Release */ = {
			isa = XCBuildConfiguration;
			buildSettings = {
				ALWAYS_EMBED_SWIFT_STANDARD_LIBRARIES = YES;
				BUNDLE_LOADER = "$(TEST_HOST)";
				CODE_SIGN_STYLE = Automatic;
				DEVELOPMENT_TEAM = SW89KL57ZH;
				INFOPLIST_FILE = StrikerTests/Info.plist;
				LD_RUNPATH_SEARCH_PATHS = (
					"$(inherited)",
					"@executable_path/Frameworks",
					"@loader_path/Frameworks",
				);
				PRODUCT_BUNDLE_IDENTIFIER = "Senior-Design.StrikerTests";
				PRODUCT_NAME = "$(TARGET_NAME)";
				SWIFT_VERSION = 4.2;
				TARGETED_DEVICE_FAMILY = "1,2";
				TEST_HOST = "$(BUILT_PRODUCTS_DIR)/Striker.app/Striker";
			};
			name = Release;
		};
		1F6FFFFB222861330029CC7C /* Debug */ = {
			isa = XCBuildConfiguration;
			buildSettings = {
				ALWAYS_EMBED_SWIFT_STANDARD_LIBRARIES = YES;
				CODE_SIGN_STYLE = Automatic;
				DEVELOPMENT_TEAM = SW89KL57ZH;
				INFOPLIST_FILE = StrikerUITests/Info.plist;
				LD_RUNPATH_SEARCH_PATHS = (
					"$(inherited)",
					"@executable_path/Frameworks",
					"@loader_path/Frameworks",
				);
				PRODUCT_BUNDLE_IDENTIFIER = "Senior-Design.StrikerUITests";
				PRODUCT_NAME = "$(TARGET_NAME)";
				SWIFT_VERSION = 4.2;
				TARGETED_DEVICE_FAMILY = "1,2";
				TEST_TARGET_NAME = Striker;
			};
			name = Debug;
		};
		1F6FFFFC222861330029CC7C /* Release */ = {
			isa = XCBuildConfiguration;
			buildSettings = {
				ALWAYS_EMBED_SWIFT_STANDARD_LIBRARIES = YES;
				CODE_SIGN_STYLE = Automatic;
				DEVELOPMENT_TEAM = SW89KL57ZH;
				INFOPLIST_FILE = StrikerUITests/Info.plist;
				LD_RUNPATH_SEARCH_PATHS = (
					"$(inherited)",
					"@executable_path/Frameworks",
					"@loader_path/Frameworks",
				);
				PRODUCT_BUNDLE_IDENTIFIER = "Senior-Design.StrikerUITests";
				PRODUCT_NAME = "$(TARGET_NAME)";
				SWIFT_VERSION = 4.2;
				TARGETED_DEVICE_FAMILY = "1,2";
				TEST_TARGET_NAME = Striker;
			};
			name = Release;
		};
/* End XCBuildConfiguration section */

/* Begin XCConfigurationList section */
		1F6FFFC7222861320029CC7C /* Build configuration list for PBXProject "Striker" */ = {
			isa = XCConfigurationList;
			buildConfigurations = (
				1F6FFFF2222861330029CC7C /* Debug */,
				1F6FFFF3222861330029CC7C /* Release */,
			);
			defaultConfigurationIsVisible = 0;
			defaultConfigurationName = Release;
		};
		1F6FFFF4222861330029CC7C /* Build configuration list for PBXNativeTarget "Striker" */ = {
			isa = XCConfigurationList;
			buildConfigurations = (
				1F6FFFF5222861330029CC7C /* Debug */,
				1F6FFFF6222861330029CC7C /* Release */,
			);
			defaultConfigurationIsVisible = 0;
			defaultConfigurationName = Release;
		};
		1F6FFFF7222861330029CC7C /* Build configuration list for PBXNativeTarget "StrikerTests" */ = {
			isa = XCConfigurationList;
			buildConfigurations = (
				1F6FFFF8222861330029CC7C /* Debug */,
				1F6FFFF9222861330029CC7C /* Release */,
			);
			defaultConfigurationIsVisible = 0;
			defaultConfigurationName = Release;
		};
		1F6FFFFA222861330029CC7C /* Build configuration list for PBXNativeTarget "StrikerUITests" */ = {
			isa = XCConfigurationList;
			buildConfigurations = (
				1F6FFFFB222861330029CC7C /* Debug */,
				1F6FFFFC222861330029CC7C /* Release */,
			);
			defaultConfigurationIsVisible = 0;
			defaultConfigurationName = Release;
		};
/* End XCConfigurationList section */
	};
	rootObject = 1F6FFFC4222861320029CC7C /* Project object */;
}
